
Microsoft Visual Studio Solution File, Format Version 12.00
# Visual Studio Version 16
VisualStudioVersion = 16.0.31727.386
MinimumVisualStudioVersion = 10.0.40219.1
Project("{FAE04EC0-301F-11D3-BF4B-00C04F79EFBC}") = "AzureUploadDownloader", "AzureUploadDownloader.csproj", "{FB1D1396-2475-44C8-884E-BE316DFC6CA3}"
EndProject
Global
	GlobalSection(SolutionConfigurationPlatforms) = preSolution
		Debug|Any CPU = Debug|Any CPU
		Release|Any CPU = Release|Any CPU
	EndGlobalSection
	GlobalSection(ProjectConfigurationPlatforms) = postSolution
		{FB1D1396-2475-44C8-884E-BE316DFC6CA3}.Debug|Any CPU.ActiveCfg = Debug|Any CPU
		{FB1D1396-2475-44C8-884E-BE316DFC6CA3}.Debug|Any CPU.Build.0 = Debug|Any CPU
		{FB1D1396-2475-44C8-884E-BE316DFC6CA3}.Release|Any CPU.ActiveCfg = Release|Any CPU
		{FB1D1396-2475-44C8-884E-BE316DFC6CA3}.Release|Any CPU.Build.0 = Release|Any CPU
	EndGlobalSection
	GlobalSection(SolutionProperties) = preSolution
		HideSolutionNode = FALSE
	EndGlobalSection
	GlobalSection(ExtensibilityGlobals) = postSolution
		SolutionGuid = {F1FBF519-9FEF-487E-8C3F-24C0F0C6F65D}
	EndGlobalSection
EndGlobal
